<?xml version="1.0" encoding="UTF-8"?>
<Scheme
   LastUpgradeVersion = "1520"
   version = "1.7">
   <BuildAction
      parallelizeBuildables = "YES"
      buildImplicitDependencies = "YES">
      <BuildActionEntries>
         <BuildActionEntry
            buildForTesting = "YES"
            buildForRunning = "YES"
            buildForProfiling = "YES"
            buildForArchiving = "YES"
            buildForAnalyzing = "YES">
            <BuildableReference
               BuildableIdentifier = "primary"
               BlueprintIdentifier = "2EA641872B952130001D09E4"
               BuildableName = "Chronic Illness Manager | Andrew Towell 12 Major.app"
               BlueprintName = "Chronic Illness Manager | Andrew Towell 12 Major"
               ReferencedContainer = "container:Chronic Illness Manager | Andrew Towell 12 Major.xcodeproj">
            </BuildableReference>
         </BuildActionEntry>
      </BuildActionEntries>
   </BuildAction>
   <TestAction
      buildConfiguration = "Debug"
      selectedDebuggerIdentifier = "Xcode.DebuggerFoundation.Debugger.LLDB"
      selectedLauncherIdentifier = "Xcode.DebuggerFoundation.Launcher.LLDB"
      shouldUseLaunchSchemeArgsEnv = "YES"
      shouldAutocreateTestPlan = "YES">
      <Testables>
         <TestableReference
            skipped = "NO"
            parallelizable = "YES">
            <BuildableReference
               BuildableIdentifier = "primary"
               BlueprintIdentifier = "2EA641972B952133001D09E4"
               BuildableName = "Chronic Illness Manager | Andrew Towell 12 MajorTests.xctest"
               BlueprintName = "Chronic Illness Manager | Andrew Towell 12 MajorTests"
               ReferencedContainer = "container:Chronic Illness Manager | Andrew Towell 12 Major.xcodeproj">
            </BuildableReference>
         </TestableReference>
         <TestableReference
            skipped = "NO"
            parallelizable = "YES">
            <BuildableReference
               BuildableIdentifier = "primary"
               BlueprintIdentifier = "2EA641A12B952133001D09E4"
               BuildableName = "Chronic Illness Manager | Andrew Towell 12 MajorUITests.xctest"
               BlueprintName = "Chronic Illness Manager | Andrew Towell 12 MajorUITests"
               ReferencedContainer = "container:Chronic Illness Manager | Andrew Towell 12 Major.xcodeproj">
            </BuildableReference>
         </TestableReference>
      </Testables>
   </TestAction>
   <LaunchAction
      buildConfiguration = "Debug"
      selectedDebuggerIdentifier = "Xcode.DebuggerFoundation.Debugger.LLDB"
      selectedLauncherIdentifier = "Xcode.DebuggerFoundation.Launcher.LLDB"
      launchStyle = "0"
      useCustomWorkingDirectory = "NO"
      ignoresPersistentStateOnLaunch = "NO"
      debugDocumentVersioning = "YES"
      debugServiceExtension = "internal"
      allowLocationSimulation = "YES">
      <BuildableProductRunnable
         runnableDebuggingMode = "0">
         <BuildableReference
            BuildableIdentifier = "primary"
            BlueprintIdentifier = "2EA641872B952130001D09E4"
            BuildableName = "Chronic Illness Manager | Andrew Towell 12 Major.app"
            BlueprintName = "Chronic Illness Manager | Andrew Towell 12 Major"
            ReferencedContainer = "container:Chronic Illness Manager | Andrew Towell 12 Major.xcodeproj">
         </BuildableReference>
      </BuildableProductRunnable>
   </LaunchAction>
   <ProfileAction
      buildConfiguration = "Release"
      shouldUseLaunchSchemeArgsEnv = "YES"
      savedToolIdentifier = ""
      useCustomWorkingDirectory = "NO"
      debugDocumentVersioning = "YES">
      <BuildableProductRunnable
         runnableDebuggingMode = "0">
         <BuildableReference
            BuildableIdentifier = "primary"
            BlueprintIdentifier = "2EA641872B952130001D09E4"
            BuildableName = "Chronic Illness Manager | Andrew Towell 12 Major.app"
            BlueprintName = "Chronic Illness Manager | Andrew Towell 12 Major"
            ReferencedContainer = "container:Chronic Illness Manager | Andrew Towell 12 Major.xcodeproj">
         </BuildableReference>
      </BuildableProductRunnable>
   </ProfileAction>
   <AnalyzeAction
      buildConfiguration = "Debug">
   </AnalyzeAction>
   <ArchiveAction
      buildConfiguration = "Release"
      revealArchiveInOrganizer = "YES">
   </ArchiveAction>
</Scheme>
